
Microsoft Visual Studio Solution File, Format Version 12.00
# Visual Studio Version 17
VisualStudioVersion = 17.6.33723.286
MinimumVisualStudioVersion = 10.0.40219.1
Project("{FAE04EC0-301F-11D3-BF4B-00C04F79EFBC}") = "SalesWebMvc", "SalesWebMvc\SalesWebMvc.csproj", "{1CF795C7-414C-4513-8061-9F0DB9D0DFFF}"
EndProject
Global
	GlobalSection(SolutionConfigurationPlatforms) = preSolution
		Debug|Any CPU = Debug|Any CPU
		Release|Any CPU = Release|Any CPU
	EndGlobalSection
	GlobalSection(ProjectConfigurationPlatforms) = postSolution
		{1CF795C7-414C-4513-8061-9F0DB9D0DFFF}.Debug|Any CPU.ActiveCfg = Debug|Any CPU
		{1CF795C7-414C-4513-8061-9F0DB9D0DFFF}.Debug|Any CPU.Build.0 = Debug|Any CPU
		{1CF795C7-414C-4513-8061-9F0DB9D0DFFF}.Release|Any CPU.ActiveCfg = Release|Any CPU
		{1CF795C7-414C-4513-8061-9F0DB9D0DFFF}.Release|Any CPU.Build.0 = Release|Any CPU
	EndGlobalSection
	GlobalSection(SolutionProperties) = preSolution
		HideSolutionNode = FALSE
	EndGlobalSection
	GlobalSection(ExtensibilityGlobals) = postSolution
		SolutionGuid = {E2D1767D-E47F-4424-90E5-56C8AD6475CB}
	EndGlobalSection
EndGlobal
